// !$*UTF8*$!
{
	archiveVersion = 1;
	classes = {
	};
	objectVersion = 56;
	objects = {

/* Begin PBXBuildFile section */
		08F97D4D2CC68D40003AAFC1 /* UIColor+Extension.swift in Sources */ = {isa = PBXBuildFile; fileRef = 08F97D4C2CC68D40003AAFC1 /* UIColor+Extension.swift */; };
		08F97D4F2CC6B033003AAFC1 /* Inter-VariableFont_opsz,wght.ttf in Resources */ = {isa = PBXBuildFile; fileRef = 08F97D4E2CC6B033003AAFC1 /* Inter-VariableFont_opsz,wght.ttf */; };
		08F97D512CC6B253003AAFC1 /* UIFont+Extension.swift in Sources */ = {isa = PBXBuildFile; fileRef = 08F97D502CC6B253003AAFC1 /* UIFont+Extension.swift */; };
		08F97D532CC6B5FC003AAFC1 /* UIButton+Extansion.swift in Sources */ = {isa = PBXBuildFile; fileRef = 08F97D522CC6B5FC003AAFC1 /* UIButton+Extansion.swift */; };
		08F97D552CC80923003AAFC1 /* TabBarController.swift in Sources */ = {isa = PBXBuildFile; fileRef = 08F97D542CC80923003AAFC1 /* TabBarController.swift */; };
		A714A0A12CC578C700B6C123 /* AppDelegate.swift in Sources */ = {isa = PBXBuildFile; fileRef = A714A0A02CC578C700B6C123 /* AppDelegate.swift */; };
		A714A0A32CC578C700B6C123 /* SceneDelegate.swift in Sources */ = {isa = PBXBuildFile; fileRef = A714A0A22CC578C700B6C123 /* SceneDelegate.swift */; };
		A714A0A52CC578C700B6C123 /* MainViewController.swift in Sources */ = {isa = PBXBuildFile; fileRef = A714A0A42CC578C700B6C123 /* MainViewController.swift */; };
		A714A0AA2CC578CA00B6C123 /* Assets.xcassets in Resources */ = {isa = PBXBuildFile; fileRef = A714A0A92CC578CA00B6C123 /* Assets.xcassets */; };
		A714A0AD2CC578CA00B6C123 /* LaunchScreen.storyboard in Resources */ = {isa = PBXBuildFile; fileRef = A714A0AB2CC578CA00B6C123 /* LaunchScreen.storyboard */; };
		A714A0D02CC7D34A00B6C123 /* TermsViewController.swift in Sources */ = {isa = PBXBuildFile; fileRef = A714A0CF2CC7D34A00B6C123 /* TermsViewController.swift */; };
		A714A0D32CC7D59D00B6C123 /* UILabel+Ext.swift in Sources */ = {isa = PBXBuildFile; fileRef = A714A0D22CC7D59D00B6C123 /* UILabel+Ext.swift */; };
/* End PBXBuildFile section */

/* Begin PBXFileReference section */
		08F97D4C2CC68D40003AAFC1 /* UIColor+Extension.swift */ = {isa = PBXFileReference; lastKnownFileType = sourcecode.swift; path = "UIColor+Extension.swift"; sourceTree = "<group>"; };
		08F97D4E2CC6B033003AAFC1 /* Inter-VariableFont_opsz,wght.ttf */ = {isa = PBXFileReference; lastKnownFileType = file; path = "Inter-VariableFont_opsz,wght.ttf"; sourceTree = "<group>"; };
		08F97D502CC6B253003AAFC1 /* UIFont+Extension.swift */ = {isa = PBXFileReference; lastKnownFileType = sourcecode.swift; path = "UIFont+Extension.swift"; sourceTree = "<group>"; };
		08F97D522CC6B5FC003AAFC1 /* UIButton+Extansion.swift */ = {isa = PBXFileReference; lastKnownFileType = sourcecode.swift; path = "UIButton+Extansion.swift"; sourceTree = "<group>"; };
		08F97D542CC80923003AAFC1 /* TabBarController.swift */ = {isa = PBXFileReference; lastKnownFileType = sourcecode.swift; path = TabBarController.swift; sourceTree = "<group>"; };
		A714A09D2CC578C700B6C123 /* NewsToDay.app */ = {isa = PBXFileReference; explicitFileType = wrapper.application; includeInIndex = 0; path = NewsToDay.app; sourceTree = BUILT_PRODUCTS_DIR; };
		A714A0A02CC578C700B6C123 /* AppDelegate.swift */ = {isa = PBXFileReference; lastKnownFileType = sourcecode.swift; path = AppDelegate.swift; sourceTree = "<group>"; };
		A714A0A22CC578C700B6C123 /* SceneDelegate.swift */ = {isa = PBXFileReference; lastKnownFileType = sourcecode.swift; path = SceneDelegate.swift; sourceTree = "<group>"; };
		A714A0A42CC578C700B6C123 /* MainViewController.swift */ = {isa = PBXFileReference; lastKnownFileType = sourcecode.swift; path = MainViewController.swift; sourceTree = "<group>"; };
		A714A0A92CC578CA00B6C123 /* Assets.xcassets */ = {isa = PBXFileReference; lastKnownFileType = folder.assetcatalog; path = Assets.xcassets; sourceTree = "<group>"; };
		A714A0AC2CC578CA00B6C123 /* Base */ = {isa = PBXFileReference; lastKnownFileType = file.storyboard; name = Base; path = Base.lproj/LaunchScreen.storyboard; sourceTree = "<group>"; };
		A714A0AE2CC578CA00B6C123 /* Info.plist */ = {isa = PBXFileReference; lastKnownFileType = text.plist.xml; path = Info.plist; sourceTree = "<group>"; };
		A714A0CF2CC7D34A00B6C123 /* TermsViewController.swift */ = {isa = PBXFileReference; lastKnownFileType = sourcecode.swift; path = TermsViewController.swift; sourceTree = "<group>"; };
		A714A0D22CC7D59D00B6C123 /* UILabel+Ext.swift */ = {isa = PBXFileReference; lastKnownFileType = sourcecode.swift; path = "UILabel+Ext.swift"; sourceTree = "<group>"; };
/* End PBXFileReference section */

/* Begin PBXFrameworksBuildPhase section */
		A714A09A2CC578C700B6C123 /* Frameworks */ = {
			isa = PBXFrameworksBuildPhase;
			buildActionMask = 2147483647;
			files = (
			);
			runOnlyForDeploymentPostprocessing = 0;
		};
/* End PBXFrameworksBuildPhase section */

/* Begin PBXGroup section */
		08F97D492CC68A4A003AAFC1 /* Extensions */ = {
			isa = PBXGroup;
			children = (
				08F97D4C2CC68D40003AAFC1 /* UIColor+Extension.swift */,
				08F97D502CC6B253003AAFC1 /* UIFont+Extension.swift */,
				08F97D522CC6B5FC003AAFC1 /* UIButton+Extansion.swift */,
				A714A0D22CC7D59D00B6C123 /* UILabel+Ext.swift */,
			);
			path = Extensions;
			sourceTree = "<group>";
		};
		A714A0942CC578C700B6C123 = {
			isa = PBXGroup;
			children = (
				A714A09F2CC578C700B6C123 /* NewsToDay */,
				A714A09E2CC578C700B6C123 /* Products */,
			);
			sourceTree = "<group>";
		};
		A714A09E2CC578C700B6C123 /* Products */ = {
			isa = PBXGroup;
			children = (
				A714A09D2CC578C700B6C123 /* NewsToDay.app */,
			);
			name = Products;
			sourceTree = "<group>";
		};
		A714A09F2CC578C700B6C123 /* NewsToDay */ = {
			isa = PBXGroup;
			children = (
				A714A0B42CC57B9200B6C123 /* App */,
				A714A0B62CC57C7D00B6C123 /* MainScreen */,
				A714A0D12CC7D34E00B6C123 /* TermsScreen */,
				08F97D492CC68A4A003AAFC1 /* Extensions */,
				A714A0B52CC57C3E00B6C123 /* Resources */,
			);
			path = NewsToDay;
			sourceTree = "<group>";
		};
		A714A0B42CC57B9200B6C123 /* App */ = {
			isa = PBXGroup;
			children = (
				A714A0A02CC578C700B6C123 /* AppDelegate.swift */,
				A714A0A22CC578C700B6C123 /* SceneDelegate.swift */,
				08F97D542CC80923003AAFC1 /* TabBarController.swift */,
				A714A0AE2CC578CA00B6C123 /* Info.plist */,
			);
			path = App;
			sourceTree = "<group>";
		};
		A714A0B52CC57C3E00B6C123 /* Resources */ = {
			isa = PBXGroup;
			children = (
				A714A0A92CC578CA00B6C123 /* Assets.xcassets */,
				A714A0AB2CC578CA00B6C123 /* LaunchScreen.storyboard */,
				08F97D4E2CC6B033003AAFC1 /* Inter-VariableFont_opsz,wght.ttf */,
			);
			path = Resources;
			sourceTree = "<group>";
		};
		A714A0B62CC57C7D00B6C123 /* MainScreen */ = {
			isa = PBXGroup;
			children = (
				A714A0A42CC578C700B6C123 /* MainViewController.swift */,
			);
			path = MainScreen;
			sourceTree = "<group>";
		};
		A714A0D12CC7D34E00B6C123 /* TermsScreen */ = {
			isa = PBXGroup;
			children = (
				A714A0CF2CC7D34A00B6C123 /* TermsViewController.swift */,
			);
			path = TermsScreen;
			sourceTree = "<group>";
		};
/* End PBXGroup section */

/* Begin PBXNativeTarget section */
		A714A09C2CC578C700B6C123 /* NewsToDay */ = {
			isa = PBXNativeTarget;
			buildConfigurationList = A714A0B12CC578CA00B6C123 /* Build configuration list for PBXNativeTarget "NewsToDay" */;
			buildPhases = (
				A714A0992CC578C700B6C123 /* Sources */,
				A714A09A2CC578C700B6C123 /* Frameworks */,
				A714A09B2CC578C700B6C123 /* Resources */,
			);
			buildRules = (
			);
			dependencies = (
			);
			name = NewsToDay;
			productName = NewsToDay;
			productReference = A714A09D2CC578C700B6C123 /* NewsToDay.app */;
			productType = "com.apple.product-type.application";
		};
/* End PBXNativeTarget section */

/* Begin PBXProject section */
		A714A0952CC578C700B6C123 /* Project object */ = {
			isa = PBXProject;
			attributes = {
				BuildIndependentTargetsInParallel = 1;
				LastSwiftUpdateCheck = 1430;
				LastUpgradeCheck = 1430;
				TargetAttributes = {
					A714A09C2CC578C700B6C123 = {
						CreatedOnToolsVersion = 14.3.1;
					};
				};
			};
			buildConfigurationList = A714A0982CC578C700B6C123 /* Build configuration list for PBXProject "NewsToDay" */;
			compatibilityVersion = "Xcode 14.0";
			developmentRegion = en;
			hasScannedForEncodings = 0;
			knownRegions = (
				en,
				Base,
			);
			mainGroup = A714A0942CC578C700B6C123;
			productRefGroup = A714A09E2CC578C700B6C123 /* Products */;
			projectDirPath = "";
			projectRoot = "";
			targets = (
				A714A09C2CC578C700B6C123 /* NewsToDay */,
			);
		};
/* End PBXProject section */

/* Begin PBXResourcesBuildPhase section */
		A714A09B2CC578C700B6C123 /* Resources */ = {
			isa = PBXResourcesBuildPhase;
			buildActionMask = 2147483647;
			files = (
				A714A0AD2CC578CA00B6C123 /* LaunchScreen.storyboard in Resources */,
				08F97D4F2CC6B033003AAFC1 /* Inter-VariableFont_opsz,wght.ttf in Resources */,
				A714A0AA2CC578CA00B6C123 /* Assets.xcassets in Resources */,
			);
			runOnlyForDeploymentPostprocessing = 0;
		};
/* End PBXResourcesBuildPhase section */

/* Begin PBXSourcesBuildPhase section */
		A714A0992CC578C700B6C123 /* Sources */ = {
			isa = PBXSourcesBuildPhase;
			buildActionMask = 2147483647;
			files = (
				A714A0A52CC578C700B6C123 /* MainViewController.swift in Sources */,
				A714A0A12CC578C700B6C123 /* AppDelegate.swift in Sources */,
				A714A0A32CC578C700B6C123 /* SceneDelegate.swift in Sources */,
				08F97D552CC80923003AAFC1 /* TabBarController.swift in Sources */,
				08F97D512CC6B253003AAFC1 /* UIFont+Extension.swift in Sources */,
				08F97D4D2CC68D40003AAFC1 /* UIColor+Extension.swift in Sources */,
				A714A0D02CC7D34A00B6C123 /* TermsViewController.swift in Sources */,
				A714A0D32CC7D59D00B6C123 /* UILabel+Ext.swift in Sources */,
				08F97D532CC6B5FC003AAFC1 /* UIButton+Extansion.swift in Sources */,
			);
			runOnlyForDeploymentPostprocessing = 0;
		};
/* End PBXSourcesBuildPhase section */

/* Begin PBXVariantGroup section */
		A714A0AB2CC578CA00B6C123 /* LaunchScreen.storyboard */ = {
			isa = PBXVariantGroup;
			children = (
				A714A0AC2CC578CA00B6C123 /* Base */,
			);
			name = LaunchScreen.storyboard;
			sourceTree = "<group>";
		};
/* End PBXVariantGroup section */

/* Begin XCBuildConfiguration section */
		A714A0AF2CC578CA00B6C123 /* Debug */ = {
			isa = XCBuildConfiguration;
			buildSettings = {
				ALWAYS_SEARCH_USER_PATHS = NO;
				CLANG_ANALYZER_NONNULL = YES;
				CLANG_ANALYZER_NUMBER_OBJECT_CONVERSION = YES_AGGRESSIVE;
				CLANG_CXX_LANGUAGE_STANDARD = "gnu++20";
				CLANG_ENABLE_MODULES = YES;
				CLANG_ENABLE_OBJC_ARC = YES;
				CLANG_ENABLE_OBJC_WEAK = YES;
				CLANG_WARN_BLOCK_CAPTURE_AUTORELEASING = YES;
				CLANG_WARN_BOOL_CONVERSION = YES;
				CLANG_WARN_COMMA = YES;
				CLANG_WARN_CONSTANT_CONVERSION = YES;
				CLANG_WARN_DEPRECATED_OBJC_IMPLEMENTATIONS = YES;
				CLANG_WARN_DIRECT_OBJC_ISA_USAGE = YES_ERROR;
				CLANG_WARN_DOCUMENTATION_COMMENTS = YES;
				CLANG_WARN_EMPTY_BODY = YES;
				CLANG_WARN_ENUM_CONVERSION = YES;
				CLANG_WARN_INFINITE_RECURSION = YES;
				CLANG_WARN_INT_CONVERSION = YES;
				CLANG_WARN_NON_LITERAL_NULL_CONVERSION = YES;
				CLANG_WARN_OBJC_IMPLICIT_RETAIN_SELF = YES;
				CLANG_WARN_OBJC_LITERAL_CONVERSION = YES;
				CLANG_WARN_OBJC_ROOT_CLASS = YES_ERROR;
				CLANG_WARN_QUOTED_INCLUDE_IN_FRAMEWORK_HEADER = YES;
				CLANG_WARN_RANGE_LOOP_ANALYSIS = YES;
				CLANG_WARN_STRICT_PROTOTYPES = YES;
				CLANG_WARN_SUSPICIOUS_MOVE = YES;
				CLANG_WARN_UNGUARDED_AVAILABILITY = YES_AGGRESSIVE;
				CLANG_WARN_UNREACHABLE_CODE = YES;
				CLANG_WARN__DUPLICATE_METHOD_MATCH = YES;
				COPY_PHASE_STRIP = NO;
				DEBUG_INFORMATION_FORMAT = dwarf;
				ENABLE_STRICT_OBJC_MSGSEND = YES;
				ENABLE_TESTABILITY = YES;
				GCC_C_LANGUAGE_STANDARD = gnu11;
				GCC_DYNAMIC_NO_PIC = NO;
				GCC_NO_COMMON_BLOCKS = YES;
				GCC_OPTIMIZATION_LEVEL = 0;
				GCC_PREPROCESSOR_DEFINITIONS = (
					"DEBUG=1",
					"$(inherited)",
				);
				GCC_WARN_64_TO_32_BIT_CONVERSION = YES;
				GCC_WARN_ABOUT_RETURN_TYPE = YES_ERROR;
				GCC_WARN_UNDECLARED_SELECTOR = YES;
				GCC_WARN_UNINITIALIZED_AUTOS = YES_AGGRESSIVE;
				GCC_WARN_UNUSED_FUNCTION = YES;
				GCC_WARN_UNUSED_VARIABLE = YES;
				IPHONEOS_DEPLOYMENT_TARGET = 15.0;
				MTL_ENABLE_DEBUG_INFO = INCLUDE_SOURCE;
				MTL_FAST_MATH = YES;
				ONLY_ACTIVE_ARCH = YES;
				SDKROOT = iphoneos;
				SWIFT_ACTIVE_COMPILATION_CONDITIONS = DEBUG;
				SWIFT_OPTIMIZATION_LEVEL = "-Onone";
			};
			name = Debug;
		};
		A714A0B02CC578CA00B6C123 /* Release */ = {
			isa = XCBuildConfiguration;
			buildSettings = {
				ALWAYS_SEARCH_USER_PATHS = NO;
				CLANG_ANALYZER_NONNULL = YES;
				CLANG_ANALYZER_NUMBER_OBJECT_CONVERSION = YES_AGGRESSIVE;
				CLANG_CXX_LANGUAGE_STANDARD = "gnu++20";
				CLANG_ENABLE_MODULES = YES;
				CLANG_ENABLE_OBJC_ARC = YES;
				CLANG_ENABLE_OBJC_WEAK = YES;
				CLANG_WARN_BLOCK_CAPTURE_AUTORELEASING = YES;
				CLANG_WARN_BOOL_CONVERSION = YES;
				CLANG_WARN_COMMA = YES;
				CLANG_WARN_CONSTANT_CONVERSION = YES;
				CLANG_WARN_DEPRECATED_OBJC_IMPLEMENTATIONS = YES;
				CLANG_WARN_DIRECT_OBJC_ISA_USAGE = YES_ERROR;
				CLANG_WARN_DOCUMENTATION_COMMENTS = YES;
				CLANG_WARN_EMPTY_BODY = YES;
				CLANG_WARN_ENUM_CONVERSION = YES;
				CLANG_WARN_INFINITE_RECURSION = YES;
				CLANG_WARN_INT_CONVERSION = YES;
				CLANG_WARN_NON_LITERAL_NULL_CONVERSION = YES;
				CLANG_WARN_OBJC_IMPLICIT_RETAIN_SELF = YES;
				CLANG_WARN_OBJC_LITERAL_CONVERSION = YES;
				CLANG_WARN_OBJC_ROOT_CLASS = YES_ERROR;
				CLANG_WARN_QUOTED_INCLUDE_IN_FRAMEWORK_HEADER = YES;
				CLANG_WARN_RANGE_LOOP_ANALYSIS = YES;
				CLANG_WARN_STRICT_PROTOTYPES = YES;
				CLANG_WARN_SUSPICIOUS_MOVE = YES;
				CLANG_WARN_UNGUARDED_AVAILABILITY = YES_AGGRESSIVE;
				CLANG_WARN_UNREACHABLE_CODE = YES;
				CLANG_WARN__DUPLICATE_METHOD_MATCH = YES;
				COPY_PHASE_STRIP = NO;
				DEBUG_INFORMATION_FORMAT = "dwarf-with-dsym";
				ENABLE_NS_ASSERTIONS = NO;
				ENABLE_STRICT_OBJC_MSGSEND = YES;
				GCC_C_LANGUAGE_STANDARD = gnu11;
				GCC_NO_COMMON_BLOCKS = YES;
				GCC_WARN_64_TO_32_BIT_CONVERSION = YES;
				GCC_WARN_ABOUT_RETURN_TYPE = YES_ERROR;
				GCC_WARN_UNDECLARED_SELECTOR = YES;
				GCC_WARN_UNINITIALIZED_AUTOS = YES_AGGRESSIVE;
				GCC_WARN_UNUSED_FUNCTION = YES;
				GCC_WARN_UNUSED_VARIABLE = YES;
				IPHONEOS_DEPLOYMENT_TARGET = 15.0;
				MTL_ENABLE_DEBUG_INFO = NO;
				MTL_FAST_MATH = YES;
				SDKROOT = iphoneos;
				SWIFT_COMPILATION_MODE = wholemodule;
				SWIFT_OPTIMIZATION_LEVEL = "-O";
				VALIDATE_PRODUCT = YES;
			};
			name = Release;
		};
		A714A0B22CC578CA00B6C123 /* Debug */ = {
			isa = XCBuildConfiguration;
			buildSettings = {
				ASSETCATALOG_COMPILER_APPICON_NAME = AppIcon;
				ASSETCATALOG_COMPILER_GLOBAL_ACCENT_COLOR_NAME = AccentColor;
				CODE_SIGN_STYLE = Automatic;
				CURRENT_PROJECT_VERSION = 1;
				DEVELOPMENT_TEAM = 7YHTMAQADT;
				GENERATE_INFOPLIST_FILE = YES;
				INFOPLIST_FILE = NewsToDay/App/Info.plist;
				INFOPLIST_KEY_CFBundleDisplayName = "News To Day";
				INFOPLIST_KEY_UIApplicationSupportsIndirectInputEvents = YES;
				INFOPLIST_KEY_UILaunchStoryboardName = LaunchScreen;
				INFOPLIST_KEY_UISupportedInterfaceOrientations = UIInterfaceOrientationPortrait;
				INFOPLIST_KEY_UISupportedInterfaceOrientations_iPad = "UIInterfaceOrientationLandscapeLeft UIInterfaceOrientationLandscapeRight UIInterfaceOrientationPortrait";
				IPHONEOS_DEPLOYMENT_TARGET = 15.0;
				LD_RUNPATH_SEARCH_PATHS = (
					"$(inherited)",
					"@executable_path/Frameworks",
				);
				MARKETING_VERSION = 1.0;
				PRODUCT_BUNDLE_IDENTIFIER = "ru.valentina-popova.NewsToDay";
				PRODUCT_NAME = "$(TARGET_NAME)";
				SUPPORTED_PLATFORMS = "iphoneos iphonesimulator";
				SUPPORTS_MACCATALYST = NO;
				SUPPORTS_MAC_DESIGNED_FOR_IPHONE_IPAD = NO;
				SWIFT_EMIT_LOC_STRINGS = YES;
				SWIFT_VERSION = 5.0;
				TARGETED_DEVICE_FAMILY = 1;
			};
			name = Debug;
		};
		A714A0B32CC578CA00B6C123 /* Release */ = {
			isa = XCBuildConfiguration;
			buildSettings = {
				ASSETCATALOG_COMPILER_APPICON_NAME = AppIcon;
				ASSETCATALOG_COMPILER_GLOBAL_ACCENT_COLOR_NAME = AccentColor;
				CODE_SIGN_STYLE = Automatic;
				CURRENT_PROJECT_VERSION = 1;
				DEVELOPMENT_TEAM = 7YHTMAQADT;
				GENERATE_INFOPLIST_FILE = YES;
				INFOPLIST_FILE = NewsToDay/App/Info.plist;
				INFOPLIST_KEY_CFBundleDisplayName = "News To Day";
				INFOPLIST_KEY_UIApplicationSupportsIndirectInputEvents = YES;
				INFOPLIST_KEY_UILaunchStoryboardName = LaunchScreen;
				INFOPLIST_KEY_UISupportedInterfaceOrientations = UIInterfaceOrientationPortrait;
				INFOPLIST_KEY_UISupportedInterfaceOrientations_iPad = "UIInterfaceOrientationLandscapeLeft UIInterfaceOrientationLandscapeRight UIInterfaceOrientationPortrait";
				IPHONEOS_DEPLOYMENT_TARGET = 15.0;
				LD_RUNPATH_SEARCH_PATHS = (
					"$(inherited)",
					"@executable_path/Frameworks",
				);
				MARKETING_VERSION = 1.0;
				PRODUCT_BUNDLE_IDENTIFIER = "ru.valentina-popova.NewsToDay";
				PRODUCT_NAME = "$(TARGET_NAME)";
				SUPPORTED_PLATFORMS = "iphoneos iphonesimulator";
				SUPPORTS_MACCATALYST = NO;
				SUPPORTS_MAC_DESIGNED_FOR_IPHONE_IPAD = NO;
				SWIFT_EMIT_LOC_STRINGS = YES;
				SWIFT_VERSION = 5.0;
				TARGETED_DEVICE_FAMILY = 1;
			};
			name = Release;
		};
/* End XCBuildConfiguration section */

/* Begin XCConfigurationList section */
		A714A0982CC578C700B6C123 /* Build configuration list for PBXProject "NewsToDay" */ = {
			isa = XCConfigurationList;
			buildConfigurations = (
				A714A0AF2CC578CA00B6C123 /* Debug */,
				A714A0B02CC578CA00B6C123 /* Release */,
			);
			defaultConfigurationIsVisible = 0;
			defaultConfigurationName = Release;
		};
		A714A0B12CC578CA00B6C123 /* Build configuration list for PBXNativeTarget "NewsToDay" */ = {
			isa = XCConfigurationList;
			buildConfigurations = (
				A714A0B22CC578CA00B6C123 /* Debug */,
				A714A0B32CC578CA00B6C123 /* Release */,
			);
			defaultConfigurationIsVisible = 0;
			defaultConfigurationName = Release;
		};
/* End XCConfigurationList section */
	};
	rootObject = A714A0952CC578C700B6C123 /* Project object */;
}
